{
  "name": "trabajo2",
  "lockfileVersion": 2,
  "requires": true,
  "packages": {
    "": {
      "dependencies": {
        "uuid": "^3.4.0"
      }
    },
    "node_modules/uuid": {
      "version": "3.4.0",
      "license": "MIT",
      "bin": {
        "uuid": "bin/uuid"
      }
    }
  },
  "dependencies": {
    "uuid": {
      "version": "3.4.0"
    }
  }
}
